// !$*UTF8*$!
{
	archiveVersion = 1;
	classes = {
	};
	objectVersion = 56;
	objects = {

/* Begin PBXBuildFile section */
		3EE3D5B1625F224067DCF49E /* Pods_FoodOrderingTests.framework in Frameworks */ = {isa = PBXBuildFile; fileRef = DBE0EB23E2F4930055C77083 /* Pods_FoodOrderingTests.framework */; };
		43C2FD71B229475B67411B59 /* Pods_FoodOrdering_FoodOrderingUITests.framework in Frameworks */ = {isa = PBXBuildFile; fileRef = CED446A5B78F8F33534D2431 /* Pods_FoodOrdering_FoodOrderingUITests.framework */; };
		6C082E0029D6115E00E17EA7 /* AppDelegate.swift in Sources */ = {isa = PBXBuildFile; fileRef = 6C082DFF29D6115E00E17EA7 /* AppDelegate.swift */; };
		6C082E0229D6115E00E17EA7 /* SceneDelegate.swift in Sources */ = {isa = PBXBuildFile; fileRef = 6C082E0129D6115E00E17EA7 /* SceneDelegate.swift */; };
		6C082E0429D6115E00E17EA7 /* OnboardingViewController.swift in Sources */ = {isa = PBXBuildFile; fileRef = 6C082E0329D6115E00E17EA7 /* OnboardingViewController.swift */; };
		6C082E0729D6115E00E17EA7 /* Main.storyboard in Resources */ = {isa = PBXBuildFile; fileRef = 6C082E0529D6115E00E17EA7 /* Main.storyboard */; };
		6C082E0A29D6115E00E17EA7 /* FoodOrdering.xcdatamodeld in Sources */ = {isa = PBXBuildFile; fileRef = 6C082E0829D6115E00E17EA7 /* FoodOrdering.xcdatamodeld */; };
		6C082E0C29D6115E00E17EA7 /* Assets.xcassets in Resources */ = {isa = PBXBuildFile; fileRef = 6C082E0B29D6115E00E17EA7 /* Assets.xcassets */; };
		6C082E0F29D6115E00E17EA7 /* LaunchScreen.storyboard in Resources */ = {isa = PBXBuildFile; fileRef = 6C082E0D29D6115E00E17EA7 /* LaunchScreen.storyboard */; };
		6C082E1A29D6115E00E17EA7 /* FoodOrderingTests.swift in Sources */ = {isa = PBXBuildFile; fileRef = 6C082E1929D6115E00E17EA7 /* FoodOrderingTests.swift */; };
		6C082E2429D6115E00E17EA7 /* FoodOrderingUITests.swift in Sources */ = {isa = PBXBuildFile; fileRef = 6C082E2329D6115E00E17EA7 /* FoodOrderingUITests.swift */; };
		6C082E2629D6115E00E17EA7 /* FoodOrderingUITestsLaunchTests.swift in Sources */ = {isa = PBXBuildFile; fileRef = 6C082E2529D6115E00E17EA7 /* FoodOrderingUITestsLaunchTests.swift */; };
		6C082E3729D618B800E17EA7 /* OnboardingCvCell.swift in Sources */ = {isa = PBXBuildFile; fileRef = 6C082E3629D618B800E17EA7 /* OnboardingCvCell.swift */; };
		6C082E3929D61A1000E17EA7 /* OnboardingSlide.swift in Sources */ = {isa = PBXBuildFile; fileRef = 6C082E3829D61A1000E17EA7 /* OnboardingSlide.swift */; };
		6C082E3B29D61B0B00E17EA7 /* UIView+Extension.swift in Sources */ = {isa = PBXBuildFile; fileRef = 6C082E3A29D61B0B00E17EA7 /* UIView+Extension.swift */; };
		6C082E3D29D61B8100E17EA7 /* HomeViewController.swift in Sources */ = {isa = PBXBuildFile; fileRef = 6C082E3C29D61B8100E17EA7 /* HomeViewController.swift */; };
		6C082E4329D61D4D00E17EA7 /* CategoryTvCell.swift in Sources */ = {isa = PBXBuildFile; fileRef = 6C082E4129D61D4D00E17EA7 /* CategoryTvCell.swift */; };
		6C082E4429D61D4D00E17EA7 /* CategoryTvCell.xib in Resources */ = {isa = PBXBuildFile; fileRef = 6C082E4229D61D4D00E17EA7 /* CategoryTvCell.xib */; };
		6C082E4829D61DBE00E17EA7 /* DishesTvCell.swift in Sources */ = {isa = PBXBuildFile; fileRef = 6C082E4629D61DBE00E17EA7 /* DishesTvCell.swift */; };
		6C082E4929D61DBE00E17EA7 /* DishesTvCell.xib in Resources */ = {isa = PBXBuildFile; fileRef = 6C082E4729D61DBE00E17EA7 /* DishesTvCell.xib */; };
		6C082E4D29D61E1700E17EA7 /* SpecialsTvCell.swift in Sources */ = {isa = PBXBuildFile; fileRef = 6C082E4B29D61E1700E17EA7 /* SpecialsTvCell.swift */; };
		6C082E4E29D61E1700E17EA7 /* SpecialsTvCell.xib in Resources */ = {isa = PBXBuildFile; fileRef = 6C082E4C29D61E1700E17EA7 /* SpecialsTvCell.xib */; };
		6C082E5129D61E7400E17EA7 /* categoryCvCell.swift in Sources */ = {isa = PBXBuildFile; fileRef = 6C082E4F29D61E7400E17EA7 /* categoryCvCell.swift */; };
		6C082E5229D61E7400E17EA7 /* categoryCvCell.xib in Resources */ = {isa = PBXBuildFile; fileRef = 6C082E5029D61E7400E17EA7 /* categoryCvCell.xib */; };
		6C082E5529D61ED200E17EA7 /* DishesCvCell.swift in Sources */ = {isa = PBXBuildFile; fileRef = 6C082E5329D61ED200E17EA7 /* DishesCvCell.swift */; };
		6C082E5629D61ED200E17EA7 /* DishesCvCell.xib in Resources */ = {isa = PBXBuildFile; fileRef = 6C082E5429D61ED200E17EA7 /* DishesCvCell.xib */; };
		6C082E5829D6229100E17EA7 /* DishCategory.swift in Sources */ = {isa = PBXBuildFile; fileRef = 6C082E5729D6229100E17EA7 /* DishCategory.swift */; };
		721CE025975202AF291BD6FC /* Pods_FoodOrdering.framework in Frameworks */ = {isa = PBXBuildFile; fileRef = EBE665FD1036B852BF16508C /* Pods_FoodOrdering.framework */; };
/* End PBXBuildFile section */

/* Begin PBXContainerItemProxy section */
		6C082E1629D6115E00E17EA7 /* PBXContainerItemProxy */ = {
			isa = PBXContainerItemProxy;
			containerPortal = 6C082DF429D6115E00E17EA7 /* Project object */;
			proxyType = 1;
			remoteGlobalIDString = 6C082DFB29D6115E00E17EA7;
			remoteInfo = FoodOrdering;
		};
		6C082E2029D6115E00E17EA7 /* PBXContainerItemProxy */ = {
			isa = PBXContainerItemProxy;
			containerPortal = 6C082DF429D6115E00E17EA7 /* Project object */;
			proxyType = 1;
			remoteGlobalIDString = 6C082DFB29D6115E00E17EA7;
			remoteInfo = FoodOrdering;
		};
/* End PBXContainerItemProxy section */

/* Begin PBXFileReference section */
		05A641DE88490F22CE863835 /* Pods-FoodOrdering.release.xcconfig */ = {isa = PBXFileReference; includeInIndex = 1; lastKnownFileType = text.xcconfig; name = "Pods-FoodOrdering.release.xcconfig"; path = "Target Support Files/Pods-FoodOrdering/Pods-FoodOrdering.release.xcconfig"; sourceTree = "<group>"; };
		6C082DFC29D6115E00E17EA7 /* FoodOrdering.app */ = {isa = PBXFileReference; explicitFileType = wrapper.application; includeInIndex = 0; path = FoodOrdering.app; sourceTree = BUILT_PRODUCTS_DIR; };
		6C082DFF29D6115E00E17EA7 /* AppDelegate.swift */ = {isa = PBXFileReference; lastKnownFileType = sourcecode.swift; path = AppDelegate.swift; sourceTree = "<group>"; };
		6C082E0129D6115E00E17EA7 /* SceneDelegate.swift */ = {isa = PBXFileReference; lastKnownFileType = sourcecode.swift; path = SceneDelegate.swift; sourceTree = "<group>"; };
		6C082E0329D6115E00E17EA7 /* OnboardingViewController.swift */ = {isa = PBXFileReference; lastKnownFileType = sourcecode.swift; path = OnboardingViewController.swift; sourceTree = "<group>"; };
		6C082E0629D6115E00E17EA7 /* Base */ = {isa = PBXFileReference; lastKnownFileType = file.storyboard; name = Base; path = Base.lproj/Main.storyboard; sourceTree = "<group>"; };
		6C082E0929D6115E00E17EA7 /* FoodOrdering.xcdatamodel */ = {isa = PBXFileReference; lastKnownFileType = wrapper.xcdatamodel; path = FoodOrdering.xcdatamodel; sourceTree = "<group>"; };
		6C082E0B29D6115E00E17EA7 /* Assets.xcassets */ = {isa = PBXFileReference; lastKnownFileType = folder.assetcatalog; path = Assets.xcassets; sourceTree = "<group>"; };
		6C082E0E29D6115E00E17EA7 /* Base */ = {isa = PBXFileReference; lastKnownFileType = file.storyboard; name = Base; path = Base.lproj/LaunchScreen.storyboard; sourceTree = "<group>"; };
		6C082E1029D6115E00E17EA7 /* Info.plist */ = {isa = PBXFileReference; lastKnownFileType = text.plist.xml; path = Info.plist; sourceTree = "<group>"; };
		6C082E1529D6115E00E17EA7 /* FoodOrderingTests.xctest */ = {isa = PBXFileReference; explicitFileType = wrapper.cfbundle; includeInIndex = 0; path = FoodOrderingTests.xctest; sourceTree = BUILT_PRODUCTS_DIR; };
		6C082E1929D6115E00E17EA7 /* FoodOrderingTests.swift */ = {isa = PBXFileReference; lastKnownFileType = sourcecode.swift; path = FoodOrderingTests.swift; sourceTree = "<group>"; };
		6C082E1F29D6115E00E17EA7 /* FoodOrderingUITests.xctest */ = {isa = PBXFileReference; explicitFileType = wrapper.cfbundle; includeInIndex = 0; path = FoodOrderingUITests.xctest; sourceTree = BUILT_PRODUCTS_DIR; };
		6C082E2329D6115E00E17EA7 /* FoodOrderingUITests.swift */ = {isa = PBXFileReference; lastKnownFileType = sourcecode.swift; path = FoodOrderingUITests.swift; sourceTree = "<group>"; };
		6C082E2529D6115E00E17EA7 /* FoodOrderingUITestsLaunchTests.swift */ = {isa = PBXFileReference; lastKnownFileType = sourcecode.swift; path = FoodOrderingUITestsLaunchTests.swift; sourceTree = "<group>"; };
		6C082E3629D618B800E17EA7 /* OnboardingCvCell.swift */ = {isa = PBXFileReference; lastKnownFileType = sourcecode.swift; path = OnboardingCvCell.swift; sourceTree = "<group>"; };
		6C082E3829D61A1000E17EA7 /* OnboardingSlide.swift */ = {isa = PBXFileReference; lastKnownFileType = sourcecode.swift; path = OnboardingSlide.swift; sourceTree = "<group>"; };
		6C082E3A29D61B0B00E17EA7 /* UIView+Extension.swift */ = {isa = PBXFileReference; lastKnownFileType = sourcecode.swift; path = "UIView+Extension.swift"; sourceTree = "<group>"; };
		6C082E3C29D61B8100E17EA7 /* HomeViewController.swift */ = {isa = PBXFileReference; lastKnownFileType = sourcecode.swift; path = HomeViewController.swift; sourceTree = "<group>"; };
		6C082E4129D61D4D00E17EA7 /* CategoryTvCell.swift */ = {isa = PBXFileReference; lastKnownFileType = sourcecode.swift; path = CategoryTvCell.swift; sourceTree = "<group>"; };
		6C082E4229D61D4D00E17EA7 /* CategoryTvCell.xib */ = {isa = PBXFileReference; lastKnownFileType = file.xib; path = CategoryTvCell.xib; sourceTree = "<group>"; };
		6C082E4629D61DBE00E17EA7 /* DishesTvCell.swift */ = {isa = PBXFileReference; lastKnownFileType = sourcecode.swift; path = DishesTvCell.swift; sourceTree = "<group>"; };
		6C082E4729D61DBE00E17EA7 /* DishesTvCell.xib */ = {isa = PBXFileReference; lastKnownFileType = file.xib; path = DishesTvCell.xib; sourceTree = "<group>"; };
		6C082E4B29D61E1700E17EA7 /* SpecialsTvCell.swift */ = {isa = PBXFileReference; lastKnownFileType = sourcecode.swift; path = SpecialsTvCell.swift; sourceTree = "<group>"; };
		6C082E4C29D61E1700E17EA7 /* SpecialsTvCell.xib */ = {isa = PBXFileReference; lastKnownFileType = file.xib; path = SpecialsTvCell.xib; sourceTree = "<group>"; };
		6C082E4F29D61E7400E17EA7 /* categoryCvCell.swift */ = {isa = PBXFileReference; lastKnownFileType = sourcecode.swift; path = categoryCvCell.swift; sourceTree = "<group>"; };
		6C082E5029D61E7400E17EA7 /* categoryCvCell.xib */ = {isa = PBXFileReference; lastKnownFileType = file.xib; path = categoryCvCell.xib; sourceTree = "<group>"; };
		6C082E5329D61ED200E17EA7 /* DishesCvCell.swift */ = {isa = PBXFileReference; lastKnownFileType = sourcecode.swift; path = DishesCvCell.swift; sourceTree = "<group>"; };
		6C082E5429D61ED200E17EA7 /* DishesCvCell.xib */ = {isa = PBXFileReference; lastKnownFileType = file.xib; path = DishesCvCell.xib; sourceTree = "<group>"; };
		6C082E5729D6229100E17EA7 /* DishCategory.swift */ = {isa = PBXFileReference; lastKnownFileType = sourcecode.swift; path = DishCategory.swift; sourceTree = "<group>"; };
		73D6432337E5BB0EA5C95FE5 /* Pods-FoodOrderingTests.release.xcconfig */ = {isa = PBXFileReference; includeInIndex = 1; lastKnownFileType = text.xcconfig; name = "Pods-FoodOrderingTests.release.xcconfig"; path = "Target Support Files/Pods-FoodOrderingTests/Pods-FoodOrderingTests.release.xcconfig"; sourceTree = "<group>"; };
		7680D5386EBD3D401F47E012 /* Pods-FoodOrderingTests.debug.xcconfig */ = {isa = PBXFileReference; includeInIndex = 1; lastKnownFileType = text.xcconfig; name = "Pods-FoodOrderingTests.debug.xcconfig"; path = "Target Support Files/Pods-FoodOrderingTests/Pods-FoodOrderingTests.debug.xcconfig"; sourceTree = "<group>"; };
		A10778765D510DE6DAAE0F14 /* Pods-FoodOrdering-FoodOrderingUITests.release.xcconfig */ = {isa = PBXFileReference; includeInIndex = 1; lastKnownFileType = text.xcconfig; name = "Pods-FoodOrdering-FoodOrderingUITests.release.xcconfig"; path = "Target Support Files/Pods-FoodOrdering-FoodOrderingUITests/Pods-FoodOrdering-FoodOrderingUITests.release.xcconfig"; sourceTree = "<group>"; };
		C7FD6B8C9771396260A26B90 /* Pods-FoodOrdering-FoodOrderingUITests.debug.xcconfig */ = {isa = PBXFileReference; includeInIndex = 1; lastKnownFileType = text.xcconfig; name = "Pods-FoodOrdering-FoodOrderingUITests.debug.xcconfig"; path = "Target Support Files/Pods-FoodOrdering-FoodOrderingUITests/Pods-FoodOrdering-FoodOrderingUITests.debug.xcconfig"; sourceTree = "<group>"; };
		CED446A5B78F8F33534D2431 /* Pods_FoodOrdering_FoodOrderingUITests.framework */ = {isa = PBXFileReference; explicitFileType = wrapper.framework; includeInIndex = 0; path = Pods_FoodOrdering_FoodOrderingUITests.framework; sourceTree = BUILT_PRODUCTS_DIR; };
		DBE0EB23E2F4930055C77083 /* Pods_FoodOrderingTests.framework */ = {isa = PBXFileReference; explicitFileType = wrapper.framework; includeInIndex = 0; path = Pods_FoodOrderingTests.framework; sourceTree = BUILT_PRODUCTS_DIR; };
		E6B50976903E9AB3217C4049 /* Pods-FoodOrdering.debug.xcconfig */ = {isa = PBXFileReference; includeInIndex = 1; lastKnownFileType = text.xcconfig; name = "Pods-FoodOrdering.debug.xcconfig"; path = "Target Support Files/Pods-FoodOrdering/Pods-FoodOrdering.debug.xcconfig"; sourceTree = "<group>"; };
		EBE665FD1036B852BF16508C /* Pods_FoodOrdering.framework */ = {isa = PBXFileReference; explicitFileType = wrapper.framework; includeInIndex = 0; path = Pods_FoodOrdering.framework; sourceTree = BUILT_PRODUCTS_DIR; };
/* End PBXFileReference section */

/* Begin PBXFrameworksBuildPhase section */
		6C082DF929D6115E00E17EA7 /* Frameworks */ = {
			isa = PBXFrameworksBuildPhase;
			buildActionMask = 2147483647;
			files = (
				721CE025975202AF291BD6FC /* Pods_FoodOrdering.framework in Frameworks */,
			);
			runOnlyForDeploymentPostprocessing = 0;
		};
		6C082E1229D6115E00E17EA7 /* Frameworks */ = {
			isa = PBXFrameworksBuildPhase;
			buildActionMask = 2147483647;
			files = (
				3EE3D5B1625F224067DCF49E /* Pods_FoodOrderingTests.framework in Frameworks */,
			);
			runOnlyForDeploymentPostprocessing = 0;
		};
		6C082E1C29D6115E00E17EA7 /* Frameworks */ = {
			isa = PBXFrameworksBuildPhase;
			buildActionMask = 2147483647;
			files = (
				43C2FD71B229475B67411B59 /* Pods_FoodOrdering_FoodOrderingUITests.framework in Frameworks */,
			);
			runOnlyForDeploymentPostprocessing = 0;
		};
/* End PBXFrameworksBuildPhase section */

/* Begin PBXGroup section */
		3888E741FFDD72D0A87642A8 /* Pods */ = {
			isa = PBXGroup;
			children = (
				E6B50976903E9AB3217C4049 /* Pods-FoodOrdering.debug.xcconfig */,
				05A641DE88490F22CE863835 /* Pods-FoodOrdering.release.xcconfig */,
				C7FD6B8C9771396260A26B90 /* Pods-FoodOrdering-FoodOrderingUITests.debug.xcconfig */,
				A10778765D510DE6DAAE0F14 /* Pods-FoodOrdering-FoodOrderingUITests.release.xcconfig */,
				7680D5386EBD3D401F47E012 /* Pods-FoodOrderingTests.debug.xcconfig */,
				73D6432337E5BB0EA5C95FE5 /* Pods-FoodOrderingTests.release.xcconfig */,
			);
			path = Pods;
			sourceTree = "<group>";
		};
		6C082DF329D6115E00E17EA7 = {
			isa = PBXGroup;
			children = (
				6C082DFE29D6115E00E17EA7 /* FoodOrdering */,
				6C082E1829D6115E00E17EA7 /* FoodOrderingTests */,
				6C082E2229D6115E00E17EA7 /* FoodOrderingUITests */,
				6C082DFD29D6115E00E17EA7 /* Products */,
				3888E741FFDD72D0A87642A8 /* Pods */,
				BD6A9E35FC4EF6A91367DF4B /* Frameworks */,
			);
			sourceTree = "<group>";
		};
		6C082DFD29D6115E00E17EA7 /* Products */ = {
			isa = PBXGroup;
			children = (
				6C082DFC29D6115E00E17EA7 /* FoodOrdering.app */,
				6C082E1529D6115E00E17EA7 /* FoodOrderingTests.xctest */,
				6C082E1F29D6115E00E17EA7 /* FoodOrderingUITests.xctest */,
			);
			name = Products;
			sourceTree = "<group>";
		};
		6C082DFE29D6115E00E17EA7 /* FoodOrdering */ = {
			isa = PBXGroup;
			children = (
				6C082E3529D6186900E17EA7 /* Views */,
				6C082E3229D6139700E17EA7 /* System */,
				6C082E3429D613D000E17EA7 /* Models */,
				6C082E3329D613B100E17EA7 /* Extensions */,
				6C082E0329D6115E00E17EA7 /* OnboardingViewController.swift */,
				6C082E0529D6115E00E17EA7 /* Main.storyboard */,
				6C082E3C29D61B8100E17EA7 /* HomeViewController.swift */,
				6C082E0B29D6115E00E17EA7 /* Assets.xcassets */,
				6C082E0D29D6115E00E17EA7 /* LaunchScreen.storyboard */,
				6C082E1029D6115E00E17EA7 /* Info.plist */,
				6C082E0829D6115E00E17EA7 /* FoodOrdering.xcdatamodeld */,
			);
			path = FoodOrdering;
			sourceTree = "<group>";
		};
		6C082E1829D6115E00E17EA7 /* FoodOrderingTests */ = {
			isa = PBXGroup;
			children = (
				6C082E1929D6115E00E17EA7 /* FoodOrderingTests.swift */,
			);
			path = FoodOrderingTests;
			sourceTree = "<group>";
		};
		6C082E2229D6115E00E17EA7 /* FoodOrderingUITests */ = {
			isa = PBXGroup;
			children = (
				6C082E2329D6115E00E17EA7 /* FoodOrderingUITests.swift */,
				6C082E2529D6115E00E17EA7 /* FoodOrderingUITestsLaunchTests.swift */,
			);
			path = FoodOrderingUITests;
			sourceTree = "<group>";
		};
		6C082E3229D6139700E17EA7 /* System */ = {
			isa = PBXGroup;
			children = (
				6C082DFF29D6115E00E17EA7 /* AppDelegate.swift */,
				6C082E0129D6115E00E17EA7 /* SceneDelegate.swift */,
			);
			path = System;
			sourceTree = "<group>";
		};
		6C082E3329D613B100E17EA7 /* Extensions */ = {
			isa = PBXGroup;
			children = (
				6C082E3A29D61B0B00E17EA7 /* UIView+Extension.swift */,
			);
			path = Extensions;
			sourceTree = "<group>";
		};
		6C082E3429D613D000E17EA7 /* Models */ = {
			isa = PBXGroup;
			children = (
				6C082E3829D61A1000E17EA7 /* OnboardingSlide.swift */,
				6C082E5729D6229100E17EA7 /* DishCategory.swift */,
			);
			path = Models;
			sourceTree = "<group>";
		};
		6C082E3529D6186900E17EA7 /* Views */ = {
			isa = PBXGroup;
			children = (
				6C082E3F29D61CAA00E17EA7 /* TVCell */,
				6C082E3E29D61C8500E17EA7 /* CVCell */,
				6C082E3629D618B800E17EA7 /* OnboardingCvCell.swift */,
			);
			path = Views;
			sourceTree = "<group>";
		};
		6C082E3E29D61C8500E17EA7 /* CVCell */ = {
			isa = PBXGroup;
			children = (
				6C082E4F29D61E7400E17EA7 /* categoryCvCell.swift */,
				6C082E5029D61E7400E17EA7 /* categoryCvCell.xib */,
				6C082E5329D61ED200E17EA7 /* DishesCvCell.swift */,
				6C082E5429D61ED200E17EA7 /* DishesCvCell.xib */,
			);
			path = CVCell;
			sourceTree = "<group>";
		};
		6C082E3F29D61CAA00E17EA7 /* TVCell */ = {
			isa = PBXGroup;
			children = (
				6C082E4A29D61DED00E17EA7 /* SpecialsTvCell */,
				6C082E4529D61D6F00E17EA7 /* DishesTvCell */,
				6C082E4029D61CE800E17EA7 /* CategoryTvCell */,
			);
			path = TVCell;
			sourceTree = "<group>";
		};
		6C082E4029D61CE800E17EA7 /* CategoryTvCell */ = {
			isa = PBXGroup;
			children = (
				6C082E4129D61D4D00E17EA7 /* CategoryTvCell.swift */,
				6C082E4229D61D4D00E17EA7 /* CategoryTvCell.xib */,
			);
			path = CategoryTvCell;
			sourceTree = "<group>";
		};
		6C082E4529D61D6F00E17EA7 /* DishesTvCell */ = {
			isa = PBXGroup;
			children = (
				6C082E4629D61DBE00E17EA7 /* DishesTvCell.swift */,
				6C082E4729D61DBE00E17EA7 /* DishesTvCell.xib */,
			);
			path = DishesTvCell;
			sourceTree = "<group>";
		};
		6C082E4A29D61DED00E17EA7 /* SpecialsTvCell */ = {
			isa = PBXGroup;
			children = (
				6C082E4B29D61E1700E17EA7 /* SpecialsTvCell.swift */,
				6C082E4C29D61E1700E17EA7 /* SpecialsTvCell.xib */,
			);
			path = SpecialsTvCell;
			sourceTree = "<group>";
		};
		BD6A9E35FC4EF6A91367DF4B /* Frameworks */ = {
			isa = PBXGroup;
			children = (
				EBE665FD1036B852BF16508C /* Pods_FoodOrdering.framework */,
				CED446A5B78F8F33534D2431 /* Pods_FoodOrdering_FoodOrderingUITests.framework */,
				DBE0EB23E2F4930055C77083 /* Pods_FoodOrderingTests.framework */,
			);
			name = Frameworks;
			sourceTree = "<group>";
		};
/* End PBXGroup section */

/* Begin PBXNativeTarget section */
		6C082DFB29D6115E00E17EA7 /* FoodOrdering */ = {
			isa = PBXNativeTarget;
			buildConfigurationList = 6C082E2929D6115E00E17EA7 /* Build configuration list for PBXNativeTarget "FoodOrdering" */;
			buildPhases = (
				AAFF9B7EB88A008031A4C0E9 /* [CP] Check Pods Manifest.lock */,
				6C082DF829D6115E00E17EA7 /* Sources */,
				6C082DF929D6115E00E17EA7 /* Frameworks */,
				6C082DFA29D6115E00E17EA7 /* Resources */,
				A4F319486103AE9AE915D165 /* [CP] Embed Pods Frameworks */,
			);
			buildRules = (
			);
			dependencies = (
			);
			name = FoodOrdering;
			productName = FoodOrdering;
			productReference = 6C082DFC29D6115E00E17EA7 /* FoodOrdering.app */;
			productType = "com.apple.product-type.application";
		};
		6C082E1429D6115E00E17EA7 /* FoodOrderingTests */ = {
			isa = PBXNativeTarget;
			buildConfigurationList = 6C082E2C29D6115E00E17EA7 /* Build configuration list for PBXNativeTarget "FoodOrderingTests" */;
			buildPhases = (
				35E5BFA6EC163B6E03C04267 /* [CP] Check Pods Manifest.lock */,
				6C082E1129D6115E00E17EA7 /* Sources */,
				6C082E1229D6115E00E17EA7 /* Frameworks */,
				6C082E1329D6115E00E17EA7 /* Resources */,
			);
			buildRules = (
			);
			dependencies = (
				6C082E1729D6115E00E17EA7 /* PBXTargetDependency */,
			);
			name = FoodOrderingTests;
			productName = FoodOrderingTests;
			productReference = 6C082E1529D6115E00E17EA7 /* FoodOrderingTests.xctest */;
			productType = "com.apple.product-type.bundle.unit-test";
		};
		6C082E1E29D6115E00E17EA7 /* FoodOrderingUITests */ = {
			isa = PBXNativeTarget;
			buildConfigurationList = 6C082E2F29D6115E00E17EA7 /* Build configuration list for PBXNativeTarget "FoodOrderingUITests" */;
			buildPhases = (
				9AC8685BBF3993607999FD0F /* [CP] Check Pods Manifest.lock */,
				6C082E1B29D6115E00E17EA7 /* Sources */,
				6C082E1C29D6115E00E17EA7 /* Frameworks */,
				6C082E1D29D6115E00E17EA7 /* Resources */,
				AB35A9F5325EEF58D4BC58D7 /* [CP] Embed Pods Frameworks */,
			);
			buildRules = (
			);
			dependencies = (
				6C082E2129D6115E00E17EA7 /* PBXTargetDependency */,
			);
			name = FoodOrderingUITests;
			productName = FoodOrderingUITests;
			productReference = 6C082E1F29D6115E00E17EA7 /* FoodOrderingUITests.xctest */;
			productType = "com.apple.product-type.bundle.ui-testing";
		};
/* End PBXNativeTarget section */

/* Begin PBXProject section */
		6C082DF429D6115E00E17EA7 /* Project object */ = {
			isa = PBXProject;
			attributes = {
				BuildIndependentTargetsInParallel = 1;
				LastSwiftUpdateCheck = 1420;
				LastUpgradeCheck = 1420;
				TargetAttributes = {
					6C082DFB29D6115E00E17EA7 = {
						CreatedOnToolsVersion = 14.2;
					};
					6C082E1429D6115E00E17EA7 = {
						CreatedOnToolsVersion = 14.2;
						TestTargetID = 6C082DFB29D6115E00E17EA7;
					};
					6C082E1E29D6115E00E17EA7 = {
						CreatedOnToolsVersion = 14.2;
						TestTargetID = 6C082DFB29D6115E00E17EA7;
					};
				};
			};
			buildConfigurationList = 6C082DF729D6115E00E17EA7 /* Build configuration list for PBXProject "FoodOrdering" */;
			compatibilityVersion = "Xcode 14.0";
			developmentRegion = en;
			hasScannedForEncodings = 0;
			knownRegions = (
				en,
				Base,
			);
			mainGroup = 6C082DF329D6115E00E17EA7;
			productRefGroup = 6C082DFD29D6115E00E17EA7 /* Products */;
			projectDirPath = "";
			projectRoot = "";
			targets = (
				6C082DFB29D6115E00E17EA7 /* FoodOrdering */,
				6C082E1429D6115E00E17EA7 /* FoodOrderingTests */,
				6C082E1E29D6115E00E17EA7 /* FoodOrderingUITests */,
			);
		};
/* End PBXProject section */

/* Begin PBXResourcesBuildPhase section */
		6C082DFA29D6115E00E17EA7 /* Resources */ = {
			isa = PBXResourcesBuildPhase;
			buildActionMask = 2147483647;
			files = (
				6C082E4929D61DBE00E17EA7 /* DishesTvCell.xib in Resources */,
				6C082E4E29D61E1700E17EA7 /* SpecialsTvCell.xib in Resources */,
				6C082E5629D61ED200E17EA7 /* DishesCvCell.xib in Resources */,
				6C082E0F29D6115E00E17EA7 /* LaunchScreen.storyboard in Resources */,
				6C082E5229D61E7400E17EA7 /* categoryCvCell.xib in Resources */,
				6C082E0C29D6115E00E17EA7 /* Assets.xcassets in Resources */,
				6C082E0729D6115E00E17EA7 /* Main.storyboard in Resources */,
				6C082E4429D61D4D00E17EA7 /* CategoryTvCell.xib in Resources */,
			);
			runOnlyForDeploymentPostprocessing = 0;
		};
		6C082E1329D6115E00E17EA7 /* Resources */ = {
			isa = PBXResourcesBuildPhase;
			buildActionMask = 2147483647;
			files = (
			);
			runOnlyForDeploymentPostprocessing = 0;
		};
		6C082E1D29D6115E00E17EA7 /* Resources */ = {
			isa = PBXResourcesBuildPhase;
			buildActionMask = 2147483647;
			files = (
			);
			runOnlyForDeploymentPostprocessing = 0;
		};
/* End PBXResourcesBuildPhase section */

/* Begin PBXShellScriptBuildPhase section */
		35E5BFA6EC163B6E03C04267 /* [CP] Check Pods Manifest.lock */ = {
			isa = PBXShellScriptBuildPhase;
			buildActionMask = 2147483647;
			files = (
			);
			inputFileListPaths = (
			);
			inputPaths = (
				"${PODS_PODFILE_DIR_PATH}/Podfile.lock",
				"${PODS_ROOT}/Manifest.lock",
			);
			name = "[CP] Check Pods Manifest.lock";
			outputFileListPaths = (
			);
			outputPaths = (
				"$(DERIVED_FILE_DIR)/Pods-FoodOrderingTests-checkManifestLockResult.txt",
			);
			runOnlyForDeploymentPostprocessing = 0;
			shellPath = /bin/sh;
			shellScript = "diff \"${PODS_PODFILE_DIR_PATH}/Podfile.lock\" \"${PODS_ROOT}/Manifest.lock\" > /dev/null\nif [ $? != 0 ] ; then\n    # print error to STDERR\n    echo \"error: The sandbox is not in sync with the Podfile.lock. Run 'pod install' or update your CocoaPods installation.\" >&2\n    exit 1\nfi\n# This output is used by Xcode 'outputs' to avoid re-running this script phase.\necho \"SUCCESS\" > \"${SCRIPT_OUTPUT_FILE_0}\"\n";
			showEnvVarsInLog = 0;
		};
		9AC8685BBF3993607999FD0F /* [CP] Check Pods Manifest.lock */ = {
			isa = PBXShellScriptBuildPhase;
			buildActionMask = 2147483647;
			files = (
			);
			inputFileListPaths = (
			);
			inputPaths = (
				"${PODS_PODFILE_DIR_PATH}/Podfile.lock",
				"${PODS_ROOT}/Manifest.lock",
			);
			name = "[CP] Check Pods Manifest.lock";
			outputFileListPaths = (
			);
			outputPaths = (
				"$(DERIVED_FILE_DIR)/Pods-FoodOrdering-FoodOrderingUITests-checkManifestLockResult.txt",
			);
			runOnlyForDeploymentPostprocessing = 0;
			shellPath = /bin/sh;
			shellScript = "diff \"${PODS_PODFILE_DIR_PATH}/Podfile.lock\" \"${PODS_ROOT}/Manifest.lock\" > /dev/null\nif [ $? != 0 ] ; then\n    # print error to STDERR\n    echo \"error: The sandbox is not in sync with the Podfile.lock. Run 'pod install' or update your CocoaPods installation.\" >&2\n    exit 1\nfi\n# This output is used by Xcode 'outputs' to avoid re-running this script phase.\necho \"SUCCESS\" > \"${SCRIPT_OUTPUT_FILE_0}\"\n";
			showEnvVarsInLog = 0;
		};
		A4F319486103AE9AE915D165 /* [CP] Embed Pods Frameworks */ = {
			isa = PBXShellScriptBuildPhase;
			buildActionMask = 2147483647;
			files = (
			);
			inputFileListPaths = (
				"${PODS_ROOT}/Target Support Files/Pods-FoodOrdering/Pods-FoodOrdering-frameworks-${CONFIGURATION}-input-files.xcfilelist",
			);
			name = "[CP] Embed Pods Frameworks";
			outputFileListPaths = (
				"${PODS_ROOT}/Target Support Files/Pods-FoodOrdering/Pods-FoodOrdering-frameworks-${CONFIGURATION}-output-files.xcfilelist",
			);
			runOnlyForDeploymentPostprocessing = 0;
			shellPath = /bin/sh;
			shellScript = "\"${PODS_ROOT}/Target Support Files/Pods-FoodOrdering/Pods-FoodOrdering-frameworks.sh\"\n";
			showEnvVarsInLog = 0;
		};
		AAFF9B7EB88A008031A4C0E9 /* [CP] Check Pods Manifest.lock */ = {
			isa = PBXShellScriptBuildPhase;
			buildActionMask = 2147483647;
			files = (
			);
			inputFileListPaths = (
			);
			inputPaths = (
				"${PODS_PODFILE_DIR_PATH}/Podfile.lock",
				"${PODS_ROOT}/Manifest.lock",
			);
			name = "[CP] Check Pods Manifest.lock";
			outputFileListPaths = (
			);
			outputPaths = (
				"$(DERIVED_FILE_DIR)/Pods-FoodOrdering-checkManifestLockResult.txt",
			);
			runOnlyForDeploymentPostprocessing = 0;
			shellPath = /bin/sh;
			shellScript = "diff \"${PODS_PODFILE_DIR_PATH}/Podfile.lock\" \"${PODS_ROOT}/Manifest.lock\" > /dev/null\nif [ $? != 0 ] ; then\n    # print error to STDERR\n    echo \"error: The sandbox is not in sync with the Podfile.lock. Run 'pod install' or update your CocoaPods installation.\" >&2\n    exit 1\nfi\n# This output is used by Xcode 'outputs' to avoid re-running this script phase.\necho \"SUCCESS\" > \"${SCRIPT_OUTPUT_FILE_0}\"\n";
			showEnvVarsInLog = 0;
		};
		AB35A9F5325EEF58D4BC58D7 /* [CP] Embed Pods Frameworks */ = {
			isa = PBXShellScriptBuildPhase;
			buildActionMask = 2147483647;
			files = (
			);
			inputFileListPaths = (
				"${PODS_ROOT}/Target Support Files/Pods-FoodOrdering-FoodOrderingUITests/Pods-FoodOrdering-FoodOrderingUITests-frameworks-${CONFIGURATION}-input-files.xcfilelist",
			);
			name = "[CP] Embed Pods Frameworks";
			outputFileListPaths = (
				"${PODS_ROOT}/Target Support Files/Pods-FoodOrdering-FoodOrderingUITests/Pods-FoodOrdering-FoodOrderingUITests-frameworks-${CONFIGURATION}-output-files.xcfilelist",
			);
			runOnlyForDeploymentPostprocessing = 0;
			shellPath = /bin/sh;
			shellScript = "\"${PODS_ROOT}/Target Support Files/Pods-FoodOrdering-FoodOrderingUITests/Pods-FoodOrdering-FoodOrderingUITests-frameworks.sh\"\n";
			showEnvVarsInLog = 0;
		};
/* End PBXShellScriptBuildPhase section */

/* Begin PBXSourcesBuildPhase section */
		6C082DF829D6115E00E17EA7 /* Sources */ = {
			isa = PBXSourcesBuildPhase;
			buildActionMask = 2147483647;
			files = (
				6C082E0429D6115E00E17EA7 /* OnboardingViewController.swift in Sources */,
				6C082E4829D61DBE00E17EA7 /* DishesTvCell.swift in Sources */,
				6C082E3B29D61B0B00E17EA7 /* UIView+Extension.swift in Sources */,
				6C082E4329D61D4D00E17EA7 /* CategoryTvCell.swift in Sources */,
				6C082E0029D6115E00E17EA7 /* AppDelegate.swift in Sources */,
				6C082E5829D6229100E17EA7 /* DishCategory.swift in Sources */,
				6C082E3D29D61B8100E17EA7 /* HomeViewController.swift in Sources */,
				6C082E5529D61ED200E17EA7 /* DishesCvCell.swift in Sources */,
				6C082E0229D6115E00E17EA7 /* SceneDelegate.swift in Sources */,
				6C082E0A29D6115E00E17EA7 /* FoodOrdering.xcdatamodeld in Sources */,
				6C082E4D29D61E1700E17EA7 /* SpecialsTvCell.swift in Sources */,
				6C082E3929D61A1000E17EA7 /* OnboardingSlide.swift in Sources */,
				6C082E5129D61E7400E17EA7 /* categoryCvCell.swift in Sources */,
				6C082E3729D618B800E17EA7 /* OnboardingCvCell.swift in Sources */,
			);
			runOnlyForDeploymentPostprocessing = 0;
		};
		6C082E1129D6115E00E17EA7 /* Sources */ = {
			isa = PBXSourcesBuildPhase;
			buildActionMask = 2147483647;
			files = (
				6C082E1A29D6115E00E17EA7 /* FoodOrderingTests.swift in Sources */,
			);
			runOnlyForDeploymentPostprocessing = 0;
		};
		6C082E1B29D6115E00E17EA7 /* Sources */ = {
			isa = PBXSourcesBuildPhase;
			buildActionMask = 2147483647;
			files = (
				6C082E2629D6115E00E17EA7 /* FoodOrderingUITestsLaunchTests.swift in Sources */,
				6C082E2429D6115E00E17EA7 /* FoodOrderingUITests.swift in Sources */,
			);
			runOnlyForDeploymentPostprocessing = 0;
		};
/* End PBXSourcesBuildPhase section */

/* Begin PBXTargetDependency section */
		6C082E1729D6115E00E17EA7 /* PBXTargetDependency */ = {
			isa = PBXTargetDependency;
			target = 6C082DFB29D6115E00E17EA7 /* FoodOrdering */;
			targetProxy = 6C082E1629D6115E00E17EA7 /* PBXContainerItemProxy */;
		};
		6C082E2129D6115E00E17EA7 /* PBXTargetDependency */ = {
			isa = PBXTargetDependency;
			target = 6C082DFB29D6115E00E17EA7 /* FoodOrdering */;
			targetProxy = 6C082E2029D6115E00E17EA7 /* PBXContainerItemProxy */;
		};
/* End PBXTargetDependency section */

/* Begin PBXVariantGroup section */
		6C082E0529D6115E00E17EA7 /* Main.storyboard */ = {
			isa = PBXVariantGroup;
			children = (
				6C082E0629D6115E00E17EA7 /* Base */,
			);
			name = Main.storyboard;
			sourceTree = "<group>";
		};
		6C082E0D29D6115E00E17EA7 /* LaunchScreen.storyboard */ = {
			isa = PBXVariantGroup;
			children = (
				6C082E0E29D6115E00E17EA7 /* Base */,
			);
			name = LaunchScreen.storyboard;
			sourceTree = "<group>";
		};
/* End PBXVariantGroup section */

/* Begin XCBuildConfiguration section */
		6C082E2729D6115E00E17EA7 /* Debug */ = {
			isa = XCBuildConfiguration;
			buildSettings = {
				ALWAYS_SEARCH_USER_PATHS = NO;
				CLANG_ANALYZER_NONNULL = YES;
				CLANG_ANALYZER_NUMBER_OBJECT_CONVERSION = YES_AGGRESSIVE;
				CLANG_CXX_LANGUAGE_STANDARD = "gnu++20";
				CLANG_ENABLE_MODULES = YES;
				CLANG_ENABLE_OBJC_ARC = YES;
				CLANG_ENABLE_OBJC_WEAK = YES;
				CLANG_WARN_BLOCK_CAPTURE_AUTORELEASING = YES;
				CLANG_WARN_BOOL_CONVERSION = YES;
				CLANG_WARN_COMMA = YES;
				CLANG_WARN_CONSTANT_CONVERSION = YES;
				CLANG_WARN_DEPRECATED_OBJC_IMPLEMENTATIONS = YES;
				CLANG_WARN_DIRECT_OBJC_ISA_USAGE = YES_ERROR;
				CLANG_WARN_DOCUMENTATION_COMMENTS = YES;
				CLANG_WARN_EMPTY_BODY = YES;
				CLANG_WARN_ENUM_CONVERSION = YES;
				CLANG_WARN_INFINITE_RECURSION = YES;
				CLANG_WARN_INT_CONVERSION = YES;
				CLANG_WARN_NON_LITERAL_NULL_CONVERSION = YES;
				CLANG_WARN_OBJC_IMPLICIT_RETAIN_SELF = YES;
				CLANG_WARN_OBJC_LITERAL_CONVERSION = YES;
				CLANG_WARN_OBJC_ROOT_CLASS = YES_ERROR;
				CLANG_WARN_QUOTED_INCLUDE_IN_FRAMEWORK_HEADER = YES;
				CLANG_WARN_RANGE_LOOP_ANALYSIS = YES;
				CLANG_WARN_STRICT_PROTOTYPES = YES;
				CLANG_WARN_SUSPICIOUS_MOVE = YES;
				CLANG_WARN_UNGUARDED_AVAILABILITY = YES_AGGRESSIVE;
				CLANG_WARN_UNREACHABLE_CODE = YES;
				CLANG_WARN__DUPLICATE_METHOD_MATCH = YES;
				COPY_PHASE_STRIP = NO;
				DEBUG_INFORMATION_FORMAT = dwarf;
				ENABLE_STRICT_OBJC_MSGSEND = YES;
				ENABLE_TESTABILITY = YES;
				GCC_C_LANGUAGE_STANDARD = gnu11;
				GCC_DYNAMIC_NO_PIC = NO;
				GCC_NO_COMMON_BLOCKS = YES;
				GCC_OPTIMIZATION_LEVEL = 0;
				GCC_PREPROCESSOR_DEFINITIONS = (
					"DEBUG=1",
					"$(inherited)",
				);
				GCC_WARN_64_TO_32_BIT_CONVERSION = YES;
				GCC_WARN_ABOUT_RETURN_TYPE = YES_ERROR;
				GCC_WARN_UNDECLARED_SELECTOR = YES;
				GCC_WARN_UNINITIALIZED_AUTOS = YES_AGGRESSIVE;
				GCC_WARN_UNUSED_FUNCTION = YES;
				GCC_WARN_UNUSED_VARIABLE = YES;
				IPHONEOS_DEPLOYMENT_TARGET = 16.2;
				MTL_ENABLE_DEBUG_INFO = INCLUDE_SOURCE;
				MTL_FAST_MATH = YES;
				ONLY_ACTIVE_ARCH = YES;
				SDKROOT = iphoneos;
				SWIFT_ACTIVE_COMPILATION_CONDITIONS = DEBUG;
				SWIFT_OPTIMIZATION_LEVEL = "-Onone";
			};
			name = Debug;
		};
		6C082E2829D6115E00E17EA7 /* Release */ = {
			isa = XCBuildConfiguration;
			buildSettings = {
				ALWAYS_SEARCH_USER_PATHS = NO;
				CLANG_ANALYZER_NONNULL = YES;
				CLANG_ANALYZER_NUMBER_OBJECT_CONVERSION = YES_AGGRESSIVE;
				CLANG_CXX_LANGUAGE_STANDARD = "gnu++20";
				CLANG_ENABLE_MODULES = YES;
				CLANG_ENABLE_OBJC_ARC = YES;
				CLANG_ENABLE_OBJC_WEAK = YES;
				CLANG_WARN_BLOCK_CAPTURE_AUTORELEASING = YES;
				CLANG_WARN_BOOL_CONVERSION = YES;
				CLANG_WARN_COMMA = YES;
				CLANG_WARN_CONSTANT_CONVERSION = YES;
				CLANG_WARN_DEPRECATED_OBJC_IMPLEMENTATIONS = YES;
				CLANG_WARN_DIRECT_OBJC_ISA_USAGE = YES_ERROR;
				CLANG_WARN_DOCUMENTATION_COMMENTS = YES;
				CLANG_WARN_EMPTY_BODY = YES;
				CLANG_WARN_ENUM_CONVERSION = YES;
				CLANG_WARN_INFINITE_RECURSION = YES;
				CLANG_WARN_INT_CONVERSION = YES;
				CLANG_WARN_NON_LITERAL_NULL_CONVERSION = YES;
				CLANG_WARN_OBJC_IMPLICIT_RETAIN_SELF = YES;
				CLANG_WARN_OBJC_LITERAL_CONVERSION = YES;
				CLANG_WARN_OBJC_ROOT_CLASS = YES_ERROR;
				CLANG_WARN_QUOTED_INCLUDE_IN_FRAMEWORK_HEADER = YES;
				CLANG_WARN_RANGE_LOOP_ANALYSIS = YES;
				CLANG_WARN_STRICT_PROTOTYPES = YES;
				CLANG_WARN_SUSPICIOUS_MOVE = YES;
				CLANG_WARN_UNGUARDED_AVAILABILITY = YES_AGGRESSIVE;
				CLANG_WARN_UNREACHABLE_CODE = YES;
				CLANG_WARN__DUPLICATE_METHOD_MATCH = YES;
				COPY_PHASE_STRIP = NO;
				DEBUG_INFORMATION_FORMAT = "dwarf-with-dsym";
				ENABLE_NS_ASSERTIONS = NO;
				ENABLE_STRICT_OBJC_MSGSEND = YES;
				GCC_C_LANGUAGE_STANDARD = gnu11;
				GCC_NO_COMMON_BLOCKS = YES;
				GCC_WARN_64_TO_32_BIT_CONVERSION = YES;
				GCC_WARN_ABOUT_RETURN_TYPE = YES_ERROR;
				GCC_WARN_UNDECLARED_SELECTOR = YES;
				GCC_WARN_UNINITIALIZED_AUTOS = YES_AGGRESSIVE;
				GCC_WARN_UNUSED_FUNCTION = YES;
				GCC_WARN_UNUSED_VARIABLE = YES;
				IPHONEOS_DEPLOYMENT_TARGET = 16.2;
				MTL_ENABLE_DEBUG_INFO = NO;
				MTL_FAST_MATH = YES;
				SDKROOT = iphoneos;
				SWIFT_COMPILATION_MODE = wholemodule;
				SWIFT_OPTIMIZATION_LEVEL = "-O";
				VALIDATE_PRODUCT = YES;
			};
			name = Release;
		};
		6C082E2A29D6115E00E17EA7 /* Debug */ = {
			isa = XCBuildConfiguration;
			baseConfigurationReference = E6B50976903E9AB3217C4049 /* Pods-FoodOrdering.debug.xcconfig */;
			buildSettings = {
				ASSETCATALOG_COMPILER_APPICON_NAME = AppIcon;
				ASSETCATALOG_COMPILER_GLOBAL_ACCENT_COLOR_NAME = AccentColor;
				CODE_SIGN_STYLE = Automatic;
				CURRENT_PROJECT_VERSION = 1;
				DEVELOPMENT_TEAM = 88MNYF3498;
				GENERATE_INFOPLIST_FILE = YES;
				INFOPLIST_FILE = FoodOrdering/Info.plist;
				INFOPLIST_KEY_UIApplicationSupportsIndirectInputEvents = YES;
				INFOPLIST_KEY_UILaunchStoryboardName = LaunchScreen;
				INFOPLIST_KEY_UIMainStoryboardFile = Main;
				INFOPLIST_KEY_UISupportedInterfaceOrientations_iPad = "UIInterfaceOrientationPortrait UIInterfaceOrientationPortraitUpsideDown UIInterfaceOrientationLandscapeLeft UIInterfaceOrientationLandscapeRight";
				INFOPLIST_KEY_UISupportedInterfaceOrientations_iPhone = "UIInterfaceOrientationPortrait UIInterfaceOrientationLandscapeLeft UIInterfaceOrientationLandscapeRight";
				LD_RUNPATH_SEARCH_PATHS = (
					"$(inherited)",
					"@executable_path/Frameworks",
				);
				MARKETING_VERSION = 1.0;
				PRODUCT_BUNDLE_IDENTIFIER = kashem.com.FoodOrdering;
				PRODUCT_NAME = "$(TARGET_NAME)";
				SWIFT_EMIT_LOC_STRINGS = YES;
				SWIFT_VERSION = 5.0;
				TARGETED_DEVICE_FAMILY = "1,2";
			};
			name = Debug;
		};
		6C082E2B29D6115E00E17EA7 /* Release */ = {
			isa = XCBuildConfiguration;
			baseConfigurationReference = 05A641DE88490F22CE863835 /* Pods-FoodOrdering.release.xcconfig */;
			buildSettings = {
				ASSETCATALOG_COMPILER_APPICON_NAME = AppIcon;
				ASSETCATALOG_COMPILER_GLOBAL_ACCENT_COLOR_NAME = AccentColor;
				CODE_SIGN_STYLE = Automatic;
				CURRENT_PROJECT_VERSION = 1;
				DEVELOPMENT_TEAM = 88MNYF3498;
				GENERATE_INFOPLIST_FILE = YES;
				INFOPLIST_FILE = FoodOrdering/Info.plist;
				INFOPLIST_KEY_UIApplicationSupportsIndirectInputEvents = YES;
				INFOPLIST_KEY_UILaunchStoryboardName = LaunchScreen;
				INFOPLIST_KEY_UIMainStoryboardFile = Main;
				INFOPLIST_KEY_UISupportedInterfaceOrientations_iPad = "UIInterfaceOrientationPortrait UIInterfaceOrientationPortraitUpsideDown UIInterfaceOrientationLandscapeLeft UIInterfaceOrientationLandscapeRight";
				INFOPLIST_KEY_UISupportedInterfaceOrientations_iPhone = "UIInterfaceOrientationPortrait UIInterfaceOrientationLandscapeLeft UIInterfaceOrientationLandscapeRight";
				LD_RUNPATH_SEARCH_PATHS = (
					"$(inherited)",
					"@executable_path/Frameworks",
				);
				MARKETING_VERSION = 1.0;
				PRODUCT_BUNDLE_IDENTIFIER = kashem.com.FoodOrdering;
				PRODUCT_NAME = "$(TARGET_NAME)";
				SWIFT_EMIT_LOC_STRINGS = YES;
				SWIFT_VERSION = 5.0;
				TARGETED_DEVICE_FAMILY = "1,2";
			};
			name = Release;
		};
		6C082E2D29D6115E00E17EA7 /* Debug */ = {
			isa = XCBuildConfiguration;
			baseConfigurationReference = 7680D5386EBD3D401F47E012 /* Pods-FoodOrderingTests.debug.xcconfig */;
			buildSettings = {
				ALWAYS_EMBED_SWIFT_STANDARD_LIBRARIES = YES;
				BUNDLE_LOADER = "$(TEST_HOST)";
				CODE_SIGN_STYLE = Automatic;
				CURRENT_PROJECT_VERSION = 1;
				DEVELOPMENT_TEAM = 88MNYF3498;
				GENERATE_INFOPLIST_FILE = YES;
				IPHONEOS_DEPLOYMENT_TARGET = 16.2;
				MARKETING_VERSION = 1.0;
				PRODUCT_BUNDLE_IDENTIFIER = kashem.com.FoodOrderingTests;
				PRODUCT_NAME = "$(TARGET_NAME)";
				SWIFT_EMIT_LOC_STRINGS = NO;
				SWIFT_VERSION = 5.0;
				TARGETED_DEVICE_FAMILY = "1,2";
				TEST_HOST = "$(BUILT_PRODUCTS_DIR)/FoodOrdering.app/$(BUNDLE_EXECUTABLE_FOLDER_PATH)/FoodOrdering";
			};
			name = Debug;
		};
		6C082E2E29D6115E00E17EA7 /* Release */ = {
			isa = XCBuildConfiguration;
			baseConfigurationReference = 73D6432337E5BB0EA5C95FE5 /* Pods-FoodOrderingTests.release.xcconfig */;
			buildSettings = {
				ALWAYS_EMBED_SWIFT_STANDARD_LIBRARIES = YES;
				BUNDLE_LOADER = "$(TEST_HOST)";
				CODE_SIGN_STYLE = Automatic;
				CURRENT_PROJECT_VERSION = 1;
				DEVELOPMENT_TEAM = 88MNYF3498;
				GENERATE_INFOPLIST_FILE = YES;
				IPHONEOS_DEPLOYMENT_TARGET = 16.2;
				MARKETING_VERSION = 1.0;
				PRODUCT_BUNDLE_IDENTIFIER = kashem.com.FoodOrderingTests;
				PRODUCT_NAME = "$(TARGET_NAME)";
				SWIFT_EMIT_LOC_STRINGS = NO;
				SWIFT_VERSION = 5.0;
				TARGETED_DEVICE_FAMILY = "1,2";
				TEST_HOST = "$(BUILT_PRODUCTS_DIR)/FoodOrdering.app/$(BUNDLE_EXECUTABLE_FOLDER_PATH)/FoodOrdering";
			};
			name = Release;
		};
		6C082E3029D6115E00E17EA7 /* Debug */ = {
			isa = XCBuildConfiguration;
			baseConfigurationReference = C7FD6B8C9771396260A26B90 /* Pods-FoodOrdering-FoodOrderingUITests.debug.xcconfig */;
			buildSettings = {
				ALWAYS_EMBED_SWIFT_STANDARD_LIBRARIES = YES;
				CODE_SIGN_STYLE = Automatic;
				CURRENT_PROJECT_VERSION = 1;
				DEVELOPMENT_TEAM = 88MNYF3498;
				GENERATE_INFOPLIST_FILE = YES;
				MARKETING_VERSION = 1.0;
				PRODUCT_BUNDLE_IDENTIFIER = kashem.com.FoodOrderingUITests;
				PRODUCT_NAME = "$(TARGET_NAME)";
				SWIFT_EMIT_LOC_STRINGS = NO;
				SWIFT_VERSION = 5.0;
				TARGETED_DEVICE_FAMILY = "1,2";
				TEST_TARGET_NAME = FoodOrdering;
			};
			name = Debug;
		};
		6C082E3129D6115E00E17EA7 /* Release */ = {
			isa = XCBuildConfiguration;
			baseConfigurationReference = A10778765D510DE6DAAE0F14 /* Pods-FoodOrdering-FoodOrderingUITests.release.xcconfig */;
			buildSettings = {
				ALWAYS_EMBED_SWIFT_STANDARD_LIBRARIES = YES;
				CODE_SIGN_STYLE = Automatic;
				CURRENT_PROJECT_VERSION = 1;
				DEVELOPMENT_TEAM = 88MNYF3498;
				GENERATE_INFOPLIST_FILE = YES;
				MARKETING_VERSION = 1.0;
				PRODUCT_BUNDLE_IDENTIFIER = kashem.com.FoodOrderingUITests;
				PRODUCT_NAME = "$(TARGET_NAME)";
				SWIFT_EMIT_LOC_STRINGS = NO;
				SWIFT_VERSION = 5.0;
				TARGETED_DEVICE_FAMILY = "1,2";
				TEST_TARGET_NAME = FoodOrdering;
			};
			name = Release;
		};
/* End XCBuildConfiguration section */

/* Begin XCConfigurationList section */
		6C082DF729D6115E00E17EA7 /* Build configuration list for PBXProject "FoodOrdering" */ = {
			isa = XCConfigurationList;
			buildConfigurations = (
				6C082E2729D6115E00E17EA7 /* Debug */,
				6C082E2829D6115E00E17EA7 /* Release */,
			);
			defaultConfigurationIsVisible = 0;
			defaultConfigurationName = Release;
		};
		6C082E2929D6115E00E17EA7 /* Build configuration list for PBXNativeTarget "FoodOrdering" */ = {
			isa = XCConfigurationList;
			buildConfigurations = (
				6C082E2A29D6115E00E17EA7 /* Debug */,
				6C082E2B29D6115E00E17EA7 /* Release */,
			);
			defaultConfigurationIsVisible = 0;
			defaultConfigurationName = Release;
		};
		6C082E2C29D6115E00E17EA7 /* Build configuration list for PBXNativeTarget "FoodOrderingTests" */ = {
			isa = XCConfigurationList;
			buildConfigurations = (
				6C082E2D29D6115E00E17EA7 /* Debug */,
				6C082E2E29D6115E00E17EA7 /* Release */,
			);
			defaultConfigurationIsVisible = 0;
			defaultConfigurationName = Release;
		};
		6C082E2F29D6115E00E17EA7 /* Build configuration list for PBXNativeTarget "FoodOrderingUITests" */ = {
			isa = XCConfigurationList;
			buildConfigurations = (
				6C082E3029D6115E00E17EA7 /* Debug */,
				6C082E3129D6115E00E17EA7 /* Release */,
			);
			defaultConfigurationIsVisible = 0;
			defaultConfigurationName = Release;
		};
/* End XCConfigurationList section */

/* Begin XCVersionGroup section */
		6C082E0829D6115E00E17EA7 /* FoodOrdering.xcdatamodeld */ = {
			isa = XCVersionGroup;
			children = (
				6C082E0929D6115E00E17EA7 /* FoodOrdering.xcdatamodel */,
			);
			currentVersion = 6C082E0929D6115E00E17EA7 /* FoodOrdering.xcdatamodel */;
			path = FoodOrdering.xcdatamodeld;
			sourceTree = "<group>";
			versionGroupType = wrapper.xcdatamodel;
		};
/* End XCVersionGroup section */
	};
	rootObject = 6C082DF429D6115E00E17EA7 /* Project object */;
}
